
Microsoft Visual Studio Solution File, Format Version 12.00
# Visual Studio Version 17
VisualStudioVersion = 17.0.32014.148
MinimumVisualStudioVersion = 10.0.40219.1
Project("{FAE04EC0-301F-11D3-BF4B-00C04F79EFBC}") = "Cangonito", "Cangonito\Cangonito.csproj", "{E2775BBC-9531-4B27-8114-7563C4BDC006}"
EndProject
Global
	GlobalSection(SolutionConfigurationPlatforms) = preSolution
		Debug|Any CPU = Debug|Any CPU
		Release|Any CPU = Release|Any CPU
	EndGlobalSection
	GlobalSection(ProjectConfigurationPlatforms) = postSolution
		{E2775BBC-9531-4B27-8114-7563C4BDC006}.Debug|Any CPU.ActiveCfg = Debug|Any CPU
		{E2775BBC-9531-4B27-8114-7563C4BDC006}.Debug|Any CPU.Build.0 = Debug|Any CPU
		{E2775BBC-9531-4B27-8114-7563C4BDC006}.Release|Any CPU.ActiveCfg = Release|Any CPU
		{E2775BBC-9531-4B27-8114-7563C4BDC006}.Release|Any CPU.Build.0 = Release|Any CPU
	EndGlobalSection
	GlobalSection(SolutionProperties) = preSolution
		HideSolutionNode = FALSE
	EndGlobalSection
	GlobalSection(ExtensibilityGlobals) = postSolution
		SolutionGuid = {932AD44E-5CF4-443F-A32E-263C4E301A25}
	EndGlobalSection
EndGlobal
